{
  "object": {
    "pins": [
      {
        "package": "Commander",
        "repositoryURL": "https://github.com/kylef/Commander",
        "state": {
          "branch": null,
          "revision": "4b6133c3071d521489a80c38fb92d7983f19d438",
          "version": "0.9.1"
        }
      },
      {
        "package": "ContentfulPersistence",
        "repositoryURL": "https://github.com/contentful/contentful-persistence.swift",
        "state": {
          "branch": null,
          "revision": "6e671dea7908260296330a4f71095dae44158635",
          "version": "0.13.0"
        }
      },
      {
        "package": "Contentful",
        "repositoryURL": "https://github.com/contentful/contentful.swift",
        "state": {
          "branch": null,
          "revision": "17eab50d3d9ea18f9335077eb4d846871c957c12",
          "version": "4.2.4"
        }
      },
      {
        "package": "Files",
        "repositoryURL": "https://github.com/johnsundell/files.git",
        "state": {
          "branch": null,
          "revision": "6568bfe636f02dfd85dc9d51b3782555b83080d3",
          "version": "4.0.2"
        }
      },
      {
        "package": "Spectre",
        "repositoryURL": "https://github.com/kylef/Spectre.git",
        "state": {
          "branch": null,
          "revision": "f14ff47f45642aa5703900980b014c2e9394b6e5",
          "version": "0.9.0"
        }
      }
    ]
  },
  "version": 1
}
