{
  "object": {
    "pins": [
      {
        "package": "Commander",
        "repositoryURL": "https://github.com/kylef/Commander",
        "state": {
          "branch": null,
          "revision": "e5b50ad7b2e91eeb828393e89b03577b16be7db9",
          "version": "0.8.0"
        }
      },
      {
        "package": "ContentfulPersistence",
        "repositoryURL": "https://github.com/contentful/contentful-persistence.swift",
        "state": {
          "branch": null,
          "revision": "4f8b5d314acbda59e9f6a439cad56ce673d66f40",
          "version": "0.10.0"
        }
      },
      {
        "package": "Contentful",
        "repositoryURL": "https://github.com/contentful/contentful.swift",
        "state": {
          "branch": null,
          "revision": "ba493986fff8b8bbd9dd4f3e56f074904c090ab6",
          "version": "2.0.0"
        }
      },
      {
        "package": "Files",
        "repositoryURL": "https://github.com/johnsundell/files.git",
        "state": {
          "branch": null,
          "revision": "06f95bd1bf4f8d5f50bc6bb30b808c253acd4c88",
          "version": "2.2.1"
        }
      },
      {
        "package": "Interstellar",
        "repositoryURL": "https://github.com/jensravens/Interstellar",
        "state": {
          "branch": null,
          "revision": "5fb8f1f2b7d869380555cca5f44a8cfdca390633",
          "version": "2.1.0"
        }
      },
      {
        "package": "Spectre",
        "repositoryURL": "https://github.com/kylef/Spectre.git",
        "state": {
          "branch": null,
          "revision": "e34d5687e1e9d865e3527dd58bc2f7464ef6d936",
          "version": "0.8.0"
        }
      }
    ]
  },
  "version": 1
}
